// !$*UTF8*$!
{
	archiveVersion = 1;
	classes = {
	};
	objectVersion = 46;
	objects = {

/* Begin PBXBuildFile section */
		8682E1671794DD51008A0EFD /* UIKit.framework in Frameworks */ = {isa = PBXBuildFile; fileRef = 8682E1661794DD51008A0EFD /* UIKit.framework */; };
		8682E1691794DD51008A0EFD /* Foundation.framework in Frameworks */ = {isa = PBXBuildFile; fileRef = 8682E1681794DD51008A0EFD /* Foundation.framework */; };
		8682E16B1794DD51008A0EFD /* CoreGraphics.framework in Frameworks */ = {isa = PBXBuildFile; fileRef = 8682E16A1794DD51008A0EFD /* CoreGraphics.framework */; };
		8682E1711794DD51008A0EFD /* InfoPlist.strings in Resources */ = {isa = PBXBuildFile; fileRef = 8682E16F1794DD51008A0EFD /* InfoPlist.strings */; };
		8682E1731794DD51008A0EFD /* main.m in Sources */ = {isa = PBXBuildFile; fileRef = 8682E1721794DD51008A0EFD /* main.m */; };
		8682E1771794DD51008A0EFD /* AppDelegate.m in Sources */ = {isa = PBXBuildFile; fileRef = 8682E1761794DD51008A0EFD /* AppDelegate.m */; };
		8682E1791794DD51008A0EFD /* Default.png in Resources */ = {isa = PBXBuildFile; fileRef = 8682E1781794DD51008A0EFD /* Default.png */; };
		8682E17B1794DD51008A0EFD /* Default@2x.png in Resources */ = {isa = PBXBuildFile; fileRef = 8682E17A1794DD51008A0EFD /* Default@2x.png */; };
		8682E17D1794DD51008A0EFD /* Default-568h@2x.png in Resources */ = {isa = PBXBuildFile; fileRef = 8682E17C1794DD51008A0EFD /* Default-568h@2x.png */; };
		8682E1801794DD51008A0EFD /* MainStoryboard.storyboard in Resources */ = {isa = PBXBuildFile; fileRef = 8682E17E1794DD51008A0EFD /* MainStoryboard.storyboard */; };
		8682E1831794DD51008A0EFD /* ViewController.m in Sources */ = {isa = PBXBuildFile; fileRef = 8682E1821794DD51008A0EFD /* ViewController.m */; };
		8682E18B1794DD51008A0EFD /* SenTestingKit.framework in Frameworks */ = {isa = PBXBuildFile; fileRef = 8682E18A1794DD51008A0EFD /* SenTestingKit.framework */; };
		8682E18C1794DD51008A0EFD /* UIKit.framework in Frameworks */ = {isa = PBXBuildFile; fileRef = 8682E1661794DD51008A0EFD /* UIKit.framework */; };
		8682E18D1794DD51008A0EFD /* Foundation.framework in Frameworks */ = {isa = PBXBuildFile; fileRef = 8682E1681794DD51008A0EFD /* Foundation.framework */; };
		8682E1951794DD51008A0EFD /* InfoPlist.strings in Resources */ = {isa = PBXBuildFile; fileRef = 8682E1931794DD51008A0EFD /* InfoPlist.strings */; };
		8682E1981794DD51008A0EFD /* TestTests.m in Sources */ = {isa = PBXBuildFile; fileRef = 8682E1971794DD51008A0EFD /* TestTests.m */; };
/* End PBXBuildFile section */

/* Begin PBXContainerItemProxy section */
		8682E18E1794DD51008A0EFD /* PBXContainerItemProxy */ = {
			isa = PBXContainerItemProxy;
			containerPortal = 8682E15B1794DD51008A0EFD /* Project object */;
			proxyType = 1;
			remoteGlobalIDString = 8682E1621794DD51008A0EFD;
			remoteInfo = Test;
		};
/* End PBXContainerItemProxy section */

/* Begin PBXFileReference section */
		8682E1631794DD51008A0EFD /* Test.app */ = {isa = PBXFileReference; explicitFileType = wrapper.application; includeInIndex = 0; path = Test.app; sourceTree = BUILT_PRODUCTS_DIR; };
		8682E1661794DD51008A0EFD /* UIKit.framework */ = {isa = PBXFileReference; lastKnownFileType = wrapper.framework; name = UIKit.framework; path = System/Library/Frameworks/UIKit.framework; sourceTree = SDKROOT; };
		8682E1681794DD51008A0EFD /* Foundation.framework */ = {isa = PBXFileReference; lastKnownFileType = wrapper.framework; name = Foundation.framework; path = System/Library/Frameworks/Foundation.framework; sourceTree = SDKROOT; };
		8682E16A1794DD51008A0EFD /* CoreGraphics.framework */ = {isa = PBXFileReference; lastKnownFileType = wrapper.framework; name = CoreGraphics.framework; path = System/Library/Frameworks/CoreGraphics.framework; sourceTree = SDKROOT; };
		8682E16E1794DD51008A0EFD /* Test-Info.plist */ = {isa = PBXFileReference; lastKnownFileType = text.plist.xml; path = "Test-Info.plist"; sourceTree = "<group>"; };
		8682E1701794DD51008A0EFD /* en */ = {isa = PBXFileReference; lastKnownFileType = text.plist.strings; name = en; path = en.lproj/InfoPlist.strings; sourceTree = "<group>"; };
		8682E1721794DD51008A0EFD /* main.m */ = {isa = PBXFileReference; lastKnownFileType = sourcecode.c.objc; path = main.m; sourceTree = "<group>"; };
		8682E1741794DD51008A0EFD /* Test-Prefix.pch */ = {isa = PBXFileReference; lastKnownFileType = sourcecode.c.h; path = "Test-Prefix.pch"; sourceTree = "<group>"; };
		8682E1751794DD51008A0EFD /* AppDelegate.h */ = {isa = PBXFileReference; lastKnownFileType = sourcecode.c.h; path = AppDelegate.h; sourceTree = "<group>"; };
		8682E1761794DD51008A0EFD /* AppDelegate.m */ = {isa = PBXFileReference; lastKnownFileType = sourcecode.c.objc; path = AppDelegate.m; sourceTree = "<group>"; };
		8682E1781794DD51008A0EFD /* Default.png */ = {isa = PBXFileReference; lastKnownFileType = image.png; path = Default.png; sourceTree = "<group>"; };
		8682E17A1794DD51008A0EFD /* Default@2x.png */ = {isa = PBXFileReference; lastKnownFileType = image.png; path = "Default@2x.png"; sourceTree = "<group>"; };
		8682E17C1794DD51008A0EFD /* Default-568h@2x.png */ = {isa = PBXFileReference; lastKnownFileType = image.png; path = "Default-568h@2x.png"; sourceTree = "<group>"; };
		8682E17F1794DD51008A0EFD /* en */ = {isa = PBXFileReference; lastKnownFileType = file.storyboard; name = en; path = en.lproj/MainStoryboard.storyboard; sourceTree = "<group>"; };
		8682E1811794DD51008A0EFD /* ViewController.h */ = {isa = PBXFileReference; lastKnownFileType = sourcecode.c.h; path = ViewController.h; sourceTree = "<group>"; };
		8682E1821794DD51008A0EFD /* ViewController.m */ = {isa = PBXFileReference; lastKnownFileType = sourcecode.c.objc; path = ViewController.m; sourceTree = "<group>"; };
		8682E1891794DD51008A0EFD /* TestTests.octest */ = {isa = PBXFileReference; explicitFileType = wrapper.cfbundle; includeInIndex = 0; path = TestTests.octest; sourceTree = BUILT_PRODUCTS_DIR; };
		8682E18A1794DD51008A0EFD /* SenTestingKit.framework */ = {isa = PBXFileReference; lastKnownFileType = wrapper.framework; name = SenTestingKit.framework; path = Library/Frameworks/SenTestingKit.framework; sourceTree = DEVELOPER_DIR; };
		8682E1921794DD51008A0EFD /* TestTests-Info.plist */ = {isa = PBXFileReference; lastKnownFileType = text.plist.xml; path = "TestTests-Info.plist"; sourceTree = "<group>"; };
		8682E1941794DD51008A0EFD /* en */ = {isa = PBXFileReference; lastKnownFileType = text.plist.strings; name = en; path = en.lproj/InfoPlist.strings; sourceTree = "<group>"; };
		8682E1961794DD51008A0EFD /* TestTests.h */ = {isa = PBXFileReference; lastKnownFileType = sourcecode.c.h; path = TestTests.h; sourceTree = "<group>"; };
		8682E1971794DD51008A0EFD /* TestTests.m */ = {isa = PBXFileReference; lastKnownFileType = sourcecode.c.objc; path = TestTests.m; sourceTree = "<group>"; };
/* End PBXFileReference section */

/* Begin PBXFrameworksBuildPhase section */
		8682E1601794DD51008A0EFD /* Frameworks */ = {
			isa = PBXFrameworksBuildPhase;
			buildActionMask = 2147483647;
			files = (
				8682E1671794DD51008A0EFD /* UIKit.framework in Frameworks */,
				8682E1691794DD51008A0EFD /* Foundation.framework in Frameworks */,
				8682E16B1794DD51008A0EFD /* CoreGraphics.framework in Frameworks */,
			);
			runOnlyForDeploymentPostprocessing = 0;
		};
		8682E1851794DD51008A0EFD /* Frameworks */ = {
			isa = PBXFrameworksBuildPhase;
			buildActionMask = 2147483647;
			files = (
				8682E18B1794DD51008A0EFD /* SenTestingKit.framework in Frameworks */,
				8682E18C1794DD51008A0EFD /* UIKit.framework in Frameworks */,
				8682E18D1794DD51008A0EFD /* Foundation.framework in Frameworks */,
			);
			runOnlyForDeploymentPostprocessing = 0;
		};
/* End PBXFrameworksBuildPhase section */

/* Begin PBXGroup section */
		8682E15A1794DD51008A0EFD = {
			isa = PBXGroup;
			children = (
				8682E16C1794DD51008A0EFD /* Test */,
				8682E1901794DD51008A0EFD /* TestTests */,
				8682E1651794DD51008A0EFD /* Frameworks */,
				8682E1641794DD51008A0EFD /* Products */,
			);
			sourceTree = "<group>";
		};
		8682E1641794DD51008A0EFD /* Products */ = {
			isa = PBXGroup;
			children = (
				8682E1631794DD51008A0EFD /* Test.app */,
				8682E1891794DD51008A0EFD /* TestTests.octest */,
			);
			name = Products;
			sourceTree = "<group>";
		};
		8682E1651794DD51008A0EFD /* Frameworks */ = {
			isa = PBXGroup;
			children = (
				8682E1661794DD51008A0EFD /* UIKit.framework */,
				8682E1681794DD51008A0EFD /* Foundation.framework */,
				8682E16A1794DD51008A0EFD /* CoreGraphics.framework */,
				8682E18A1794DD51008A0EFD /* SenTestingKit.framework */,
			);
			name = Frameworks;
			sourceTree = "<group>";
		};
		8682E16C1794DD51008A0EFD /* Test */ = {
			isa = PBXGroup;
			children = (
				8682E1751794DD51008A0EFD /* AppDelegate.h */,
				8682E1761794DD51008A0EFD /* AppDelegate.m */,
				8682E17E1794DD51008A0EFD /* MainStoryboard.storyboard */,
				8682E1811794DD51008A0EFD /* ViewController.h */,
				8682E1821794DD51008A0EFD /* ViewController.m */,
				8682E16D1794DD51008A0EFD /* Supporting Files */,
			);
			path = Test;
			sourceTree = "<group>";
		};
		8682E16D1794DD51008A0EFD /* Supporting Files */ = {
			isa = PBXGroup;
			children = (
				8682E16E1794DD51008A0EFD /* Test-Info.plist */,
				8682E16F1794DD51008A0EFD /* InfoPlist.strings */,
				8682E1721794DD51008A0EFD /* main.m */,
				8682E1741794DD51008A0EFD /* Test-Prefix.pch */,
				8682E1781794DD51008A0EFD /* Default.png */,
				8682E17A1794DD51008A0EFD /* Default@2x.png */,
				8682E17C1794DD51008A0EFD /* Default-568h@2x.png */,
			);
			name = "Supporting Files";
			sourceTree = "<group>";
		};
		8682E1901794DD51008A0EFD /* TestTests */ = {
			isa = PBXGroup;
			children = (
				8682E1961794DD51008A0EFD /* TestTests.h */,
				8682E1971794DD51008A0EFD /* TestTests.m */,
				8682E1911794DD51008A0EFD /* Supporting Files */,
			);
			path = TestTests;
			sourceTree = "<group>";
		};
		8682E1911794DD51008A0EFD /* Supporting Files */ = {
			isa = PBXGroup;
			children = (
				8682E1921794DD51008A0EFD /* TestTests-Info.plist */,
				8682E1931794DD51008A0EFD /* InfoPlist.strings */,
			);
			name = "Supporting Files";
			sourceTree = "<group>";
		};
/* End PBXGroup section */

/* Begin PBXNativeTarget section */
		8682E1621794DD51008A0EFD /* Test */ = {
			isa = PBXNativeTarget;
			buildConfigurationList = 8682E19B1794DD51008A0EFD /* Build configuration list for PBXNativeTarget "Test" */;
			buildPhases = (
				8682E15F1794DD51008A0EFD /* Sources */,
				8682E1601794DD51008A0EFD /* Frameworks */,
				8682E1611794DD51008A0EFD /* Resources */,
			);
			buildRules = (
			);
			dependencies = (
			);
			name = Test;
			productName = Test;
			productReference = 8682E1631794DD51008A0EFD /* Test.app */;
			productType = "com.apple.product-type.application";
		};
		8682E1881794DD51008A0EFD /* TestTests */ = {
			isa = PBXNativeTarget;
			buildConfigurationList = 8682E19E1794DD51008A0EFD /* Build configuration list for PBXNativeTarget "TestTests" */;
			buildPhases = (
				8682E1841794DD51008A0EFD /* Sources */,
				8682E1851794DD51008A0EFD /* Frameworks */,
				8682E1861794DD51008A0EFD /* Resources */,
				8682E1871794DD51008A0EFD /* ShellScript */,
			);
			buildRules = (
			);
			dependencies = (
				8682E18F1794DD51008A0EFD /* PBXTargetDependency */,
			);
			name = TestTests;
			productName = TestTests;
			productReference = 8682E1891794DD51008A0EFD /* TestTests.octest */;
			productType = "com.apple.product-type.bundle";
		};
/* End PBXNativeTarget section */

/* Begin PBXProject section */
		8682E15B1794DD51008A0EFD /* Project object */ = {
			isa = PBXProject;
			attributes = {
				LastUpgradeCheck = 0460;
				ORGANIZATIONNAME = "Saerohoon Yang";
			};
			buildConfigurationList = 8682E15E1794DD51008A0EFD /* Build configuration list for PBXProject "Test" */;
			compatibilityVersion = "Xcode 3.2";
			developmentRegion = English;
			hasScannedForEncodings = 0;
			knownRegions = (
				en,
			);
			mainGroup = 8682E15A1794DD51008A0EFD;
			productRefGroup = 8682E1641794DD51008A0EFD /* Products */;
			projectDirPath = "";
			projectRoot = "";
			targets = (
				8682E1621794DD51008A0EFD /* Test */,
				8682E1881794DD51008A0EFD /* TestTests */,
			);
		};
/* End PBXProject section */

/* Begin PBXResourcesBuildPhase section */
		8682E1611794DD51008A0EFD /* Resources */ = {
			isa = PBXResourcesBuildPhase;
			buildActionMask = 2147483647;
			files = (
				8682E1711794DD51008A0EFD /* InfoPlist.strings in Resources */,
				8682E1791794DD51008A0EFD /* Default.png in Resources */,
				8682E17B1794DD51008A0EFD /* Default@2x.png in Resources */,
				8682E17D1794DD51008A0EFD /* Default-568h@2x.png in Resources */,
				8682E1801794DD51008A0EFD /* MainStoryboard.storyboard in Resources */,
			);
			runOnlyForDeploymentPostprocessing = 0;
		};
		8682E1861794DD51008A0EFD /* Resources */ = {
			isa = PBXResourcesBuildPhase;
			buildActionMask = 2147483647;
			files = (
				8682E1951794DD51008A0EFD /* InfoPlist.strings in Resources */,
			);
			runOnlyForDeploymentPostprocessing = 0;
		};
/* End PBXResourcesBuildPhase section */

/* Begin PBXShellScriptBuildPhase section */
		8682E1871794DD51008A0EFD /* ShellScript */ = {
			isa = PBXShellScriptBuildPhase;
			buildActionMask = 2147483647;
			files = (
			);
			inputPaths = (
			);
			outputPaths = (
			);
			runOnlyForDeploymentPostprocessing = 0;
			shellPath = /bin/sh;
			shellScript = "# Run the unit tests in this test bundle.\n\"${SYSTEM_DEVELOPER_DIR}/Tools/RunUnitTests\"\n";
		};
/* End PBXShellScriptBuildPhase section */

/* Begin PBXSourcesBuildPhase section */
		8682E15F1794DD51008A0EFD /* Sources */ = {
			isa = PBXSourcesBuildPhase;
			buildActionMask = 2147483647;
			files = (
				8682E1731794DD51008A0EFD /* main.m in Sources */,
				8682E1771794DD51008A0EFD /* AppDelegate.m in Sources */,
				8682E1831794DD51008A0EFD /* ViewController.m in Sources */,
			);
			runOnlyForDeploymentPostprocessing = 0;
		};
		8682E1841794DD51008A0EFD /* Sources */ = {
			isa = PBXSourcesBuildPhase;
			buildActionMask = 2147483647;
			files = (
				8682E1981794DD51008A0EFD /* TestTests.m in Sources */,
			);
			runOnlyForDeploymentPostprocessing = 0;
		};
/* End PBXSourcesBuildPhase section */

/* Begin PBXTargetDependency section */
		8682E18F1794DD51008A0EFD /* PBXTargetDependency */ = {
			isa = PBXTargetDependency;
			target = 8682E1621794DD51008A0EFD /* Test */;
			targetProxy = 8682E18E1794DD51008A0EFD /* PBXContainerItemProxy */;
		};
/* End PBXTargetDependency section */

/* Begin PBXVariantGroup section */
		8682E16F1794DD51008A0EFD /* InfoPlist.strings */ = {
			isa = PBXVariantGroup;
			children = (
				8682E1701794DD51008A0EFD /* en */,
			);
			name = InfoPlist.strings;
			sourceTree = "<group>";
		};
		8682E17E1794DD51008A0EFD /* MainStoryboard.storyboard */ = {
			isa = PBXVariantGroup;
			children = (
				8682E17F1794DD51008A0EFD /* en */,
			);
			name = MainStoryboard.storyboard;
			sourceTree = "<group>";
		};
		8682E1931794DD51008A0EFD /* InfoPlist.strings */ = {
			isa = PBXVariantGroup;
			children = (
				8682E1941794DD51008A0EFD /* en */,
			);
			name = InfoPlist.strings;
			sourceTree = "<group>";
		};
/* End PBXVariantGroup section */

/* Begin XCBuildConfiguration section */
		8682E1991794DD51008A0EFD /* Debug */ = {
			isa = XCBuildConfiguration;
			buildSettings = {
				ALWAYS_SEARCH_USER_PATHS = NO;
				CLANG_CXX_LANGUAGE_STANDARD = "gnu++0x";
				CLANG_CXX_LIBRARY = "libc++";
				CLANG_ENABLE_OBJC_ARC = YES;
				CLANG_WARN_CONSTANT_CONVERSION = YES;
				CLANG_WARN_EMPTY_BODY = YES;
				CLANG_WARN_ENUM_CONVERSION = YES;
				CLANG_WARN_INT_CONVERSION = YES;
				CLANG_WARN__DUPLICATE_METHOD_MATCH = YES;
				"CODE_SIGN_IDENTITY[sdk=iphoneos*]" = "iPhone Developer";
				COPY_PHASE_STRIP = NO;
				GCC_C_LANGUAGE_STANDARD = gnu99;
				GCC_DYNAMIC_NO_PIC = NO;
				GCC_OPTIMIZATION_LEVEL = 0;
				GCC_PREPROCESSOR_DEFINITIONS = (
					"DEBUG=1",
					"$(inherited)",
				);
				GCC_SYMBOLS_PRIVATE_EXTERN = NO;
				GCC_WARN_ABOUT_RETURN_TYPE = YES;
				GCC_WARN_UNINITIALIZED_AUTOS = YES;
				GCC_WARN_UNUSED_VARIABLE = YES;
				IPHONEOS_DEPLOYMENT_TARGET = 6.1;
				ONLY_ACTIVE_ARCH = YES;
				SDKROOT = iphoneos;
			};
			name = Debug;
		};
		8682E19A1794DD51008A0EFD /* Release */ = {
			isa = XCBuildConfiguration;
			buildSettings = {
				ALWAYS_SEARCH_USER_PATHS = NO;
				CLANG_CXX_LANGUAGE_STANDARD = "gnu++0x";
				CLANG_CXX_LIBRARY = "libc++";
				CLANG_ENABLE_OBJC_ARC = YES;
				CLANG_WARN_CONSTANT_CONVERSION = YES;
				CLANG_WARN_EMPTY_BODY = YES;
				CLANG_WARN_ENUM_CONVERSION = YES;
				CLANG_WARN_INT_CONVERSION = YES;
				CLANG_WARN__DUPLICATE_METHOD_MATCH = YES;
				"CODE_SIGN_IDENTITY[sdk=iphoneos*]" = "iPhone Developer";
				COPY_PHASE_STRIP = YES;
				GCC_C_LANGUAGE_STANDARD = gnu99;
				GCC_WARN_ABOUT_RETURN_TYPE = YES;
				GCC_WARN_UNINITIALIZED_AUTOS = YES;
				GCC_WARN_UNUSED_VARIABLE = YES;
				IPHONEOS_DEPLOYMENT_TARGET = 6.1;
				OTHER_CFLAGS = "-DNS_BLOCK_ASSERTIONS=1";
				SDKROOT = iphoneos;
				VALIDATE_PRODUCT = YES;
			};
			name = Release;
		};
		8682E19C1794DD51008A0EFD /* Debug */ = {
			isa = XCBuildConfiguration;
			buildSettings = {
				GCC_PRECOMPILE_PREFIX_HEADER = YES;
				GCC_PREFIX_HEADER = "Test/Test-Prefix.pch";
				INFOPLIST_FILE = "Test/Test-Info.plist";
				PRODUCT_NAME = "$(TARGET_NAME)";
				WRAPPER_EXTENSION = app;
			};
			name = Debug;
		};
		8682E19D1794DD51008A0EFD /* Release */ = {
			isa = XCBuildConfiguration;
			buildSettings = {
				GCC_PRECOMPILE_PREFIX_HEADER = YES;
				GCC_PREFIX_HEADER = "Test/Test-Prefix.pch";
				INFOPLIST_FILE = "Test/Test-Info.plist";
				PRODUCT_NAME = "$(TARGET_NAME)";
				WRAPPER_EXTENSION = app;
			};
			name = Release;
		};
		8682E19F1794DD51008A0EFD /* Debug */ = {
			isa = XCBuildConfiguration;
			buildSettings = {
				BUNDLE_LOADER = "$(BUILT_PRODUCTS_DIR)/Test.app/Test";
				FRAMEWORK_SEARCH_PATHS = (
					"\"$(SDKROOT)/Developer/Library/Frameworks\"",
					"\"$(DEVELOPER_LIBRARY_DIR)/Frameworks\"",
				);
				GCC_PRECOMPILE_PREFIX_HEADER = YES;
				GCC_PREFIX_HEADER = "Test/Test-Prefix.pch";
				INFOPLIST_FILE = "TestTests/TestTests-Info.plist";
				PRODUCT_NAME = "$(TARGET_NAME)";
				TEST_HOST = "$(BUNDLE_LOADER)";
				WRAPPER_EXTENSION = octest;
			};
			name = Debug;
		};
		8682E1A01794DD51008A0EFD /* Release */ = {
			isa = XCBuildConfiguration;
			buildSettings = {
				BUNDLE_LOADER = "$(BUILT_PRODUCTS_DIR)/Test.app/Test";
				FRAMEWORK_SEARCH_PATHS = (
					"\"$(SDKROOT)/Developer/Library/Frameworks\"",
					"\"$(DEVELOPER_LIBRARY_DIR)/Frameworks\"",
				);
				GCC_PRECOMPILE_PREFIX_HEADER = YES;
				GCC_PREFIX_HEADER = "Test/Test-Prefix.pch";
				INFOPLIST_FILE = "TestTests/TestTests-Info.plist";
				PRODUCT_NAME = "$(TARGET_NAME)";
				TEST_HOST = "$(BUNDLE_LOADER)";
				WRAPPER_EXTENSION = octest;
			};
			name = Release;
		};
/* End XCBuildConfiguration section */

/* Begin XCConfigurationList section */
		8682E15E1794DD51008A0EFD /* Build configuration list for PBXProject "Test" */ = {
			isa = XCConfigurationList;
			buildConfigurations = (
				8682E1991794DD51008A0EFD /* Debug */,
				8682E19A1794DD51008A0EFD /* Release */,
			);
			defaultConfigurationIsVisible = 0;
			defaultConfigurationName = Release;
		};
		8682E19B1794DD51008A0EFD /* Build configuration list for PBXNativeTarget "Test" */ = {
			isa = XCConfigurationList;
			buildConfigurations = (
				8682E19C1794DD51008A0EFD /* Debug */,
				8682E19D1794DD51008A0EFD /* Release */,
			);
			defaultConfigurationIsVisible = 0;
		};
		8682E19E1794DD51008A0EFD /* Build configuration list for PBXNativeTarget "TestTests" */ = {
			isa = XCConfigurationList;
			buildConfigurations = (
				8682E19F1794DD51008A0EFD /* Debug */,
				8682E1A01794DD51008A0EFD /* Release */,
			);
			defaultConfigurationIsVisible = 0;
		};
/* End XCConfigurationList section */
	};
	rootObject = 8682E15B1794DD51008A0EFD /* Project object */;
}
